
Microsoft Visual Studio Solution File, Format Version 10.00
# Visual Studio 2008
Project("{FAE04EC0-301F-11D3-BF4B-00C04F79EFBC}") = "SLave", "SLave\SLave.csproj", "{0D2BCDB1-539B-4464-AB1A-3BCE393A043F}"
EndProject
Global
	GlobalSection(SolutionConfigurationPlatforms) = preSolution
		Debug|Any CPU = Debug|Any CPU
		Release|Any CPU = Release|Any CPU
	EndGlobalSection
	GlobalSection(ProjectConfigurationPlatforms) = postSolution
		{0D2BCDB1-539B-4464-AB1A-3BCE393A043F}.Debug|Any CPU.ActiveCfg = Debug|Any CPU
		{0D2BCDB1-539B-4464-AB1A-3BCE393A043F}.Debug|Any CPU.Build.0 = Debug|Any CPU
		{0D2BCDB1-539B-4464-AB1A-3BCE393A043F}.Release|Any CPU.ActiveCfg = Release|Any CPU
		{0D2BCDB1-539B-4464-AB1A-3BCE393A043F}.Release|Any CPU.Build.0 = Release|Any CPU
	EndGlobalSection
	GlobalSection(SolutionProperties) = preSolution
		HideSolutionNode = FALSE
	EndGlobalSection
EndGlobal
